// !$*UTF8*$!
{
	archiveVersion = 1;
	classes = {
	};
	objectVersion = 52;
	objects = {

/* Begin PBXBuildFile section */
		652999AA28B8E48E0088D96E /* AppDelegate.swift in Sources */ = {isa = PBXBuildFile; fileRef = 652999A928B8E48E0088D96E /* AppDelegate.swift */; };
		652999AC28B8E48E0088D96E /* SceneDelegate.swift in Sources */ = {isa = PBXBuildFile; fileRef = 652999AB28B8E48E0088D96E /* SceneDelegate.swift */; };
		652999AE28B8E48E0088D96E /* ContentView.swift in Sources */ = {isa = PBXBuildFile; fileRef = 652999AD28B8E48E0088D96E /* ContentView.swift */; };
		652999B028B8E48F0088D96E /* Assets.xcassets in Resources */ = {isa = PBXBuildFile; fileRef = 652999AF28B8E48F0088D96E /* Assets.xcassets */; };
		652999B328B8E48F0088D96E /* Preview Assets.xcassets in Resources */ = {isa = PBXBuildFile; fileRef = 652999B228B8E48F0088D96E /* Preview Assets.xcassets */; };
		652999B628B8E48F0088D96E /* LaunchScreen.storyboard in Resources */ = {isa = PBXBuildFile; fileRef = 652999B428B8E48F0088D96E /* LaunchScreen.storyboard */; };
		652999C128B8E4900088D96E /* Coffee_ShopTests.swift in Sources */ = {isa = PBXBuildFile; fileRef = 652999C028B8E4900088D96E /* Coffee_ShopTests.swift */; };
		652999CC28B8E4900088D96E /* Coffee_ShopUITests.swift in Sources */ = {isa = PBXBuildFile; fileRef = 652999CB28B8E4900088D96E /* Coffee_ShopUITests.swift */; };
		652999E628B8E5EF0088D96E /* MyColor.swift in Sources */ = {isa = PBXBuildFile; fileRef = 652999E528B8E5EF0088D96E /* MyColor.swift */; };
		652999E828B8E6920088D96E /* SplashScreen.swift in Sources */ = {isa = PBXBuildFile; fileRef = 652999E728B8E6920088D96E /* SplashScreen.swift */; };
		652999EA28B8E6D20088D96E /* LoginScreen.swift in Sources */ = {isa = PBXBuildFile; fileRef = 652999E928B8E6D20088D96E /* LoginScreen.swift */; };
		65724C3028BA09F800628AC1 /* WelcomeScreen.swift in Sources */ = {isa = PBXBuildFile; fileRef = 65724C2F28BA09F800628AC1 /* WelcomeScreen.swift */; };
		65724C3228BA0E6800628AC1 /* Dictionary.swift in Sources */ = {isa = PBXBuildFile; fileRef = 65724C3128BA0E6800628AC1 /* Dictionary.swift */; };
		65724C3428BA107D00628AC1 /* MyImage.swift in Sources */ = {isa = PBXBuildFile; fileRef = 65724C3328BA107D00628AC1 /* MyImage.swift */; };
		65724C3628BA198200628AC1 /* ButtonGeneral.swift in Sources */ = {isa = PBXBuildFile; fileRef = 65724C3528BA198200628AC1 /* ButtonGeneral.swift */; };
		65724C3828BB759F00628AC1 /* GoogleService-Info (1).plist in Resources */ = {isa = PBXBuildFile; fileRef = 65724C3728BB759F00628AC1 /* GoogleService-Info (1).plist */; };
		65724C3B28BB796F00628AC1 /* SwiftyDropbox in Frameworks */ = {isa = PBXBuildFile; productRef = 65724C3A28BB796F00628AC1 /* SwiftyDropbox */; };
		65724C3E28BB7C7300628AC1 /* RxSwift in Frameworks */ = {isa = PBXBuildFile; productRef = 65724C3D28BB7C7300628AC1 /* RxSwift */; };
		65724C4028BB7C7300628AC1 /* RxTest in Frameworks */ = {isa = PBXBuildFile; productRef = 65724C3F28BB7C7300628AC1 /* RxTest */; };
		65724C4228BB7C7300628AC1 /* RxRelay in Frameworks */ = {isa = PBXBuildFile; productRef = 65724C4128BB7C7300628AC1 /* RxRelay */; };
		65724C4428BB7C7300628AC1 /* RxCocoa in Frameworks */ = {isa = PBXBuildFile; productRef = 65724C4328BB7C7300628AC1 /* RxCocoa */; };
		65724C4628BB7C7300628AC1 /* RxBlocking in Frameworks */ = {isa = PBXBuildFile; productRef = 65724C4528BB7C7300628AC1 /* RxBlocking */; };
/* End PBXBuildFile section */

/* Begin PBXContainerItemProxy section */
		652999BD28B8E4900088D96E /* PBXContainerItemProxy */ = {
			isa = PBXContainerItemProxy;
			containerPortal = 6529999E28B8E48E0088D96E /* Project object */;
			proxyType = 1;
			remoteGlobalIDString = 652999A528B8E48E0088D96E;
			remoteInfo = "Coffee Shop";
		};
		652999C828B8E4900088D96E /* PBXContainerItemProxy */ = {
			isa = PBXContainerItemProxy;
			containerPortal = 6529999E28B8E48E0088D96E /* Project object */;
			proxyType = 1;
			remoteGlobalIDString = 652999A528B8E48E0088D96E;
			remoteInfo = "Coffee Shop";
		};
/* End PBXContainerItemProxy section */

/* Begin PBXFileReference section */
		652999A628B8E48E0088D96E /* Coffee Shop.app */ = {isa = PBXFileReference; explicitFileType = wrapper.application; includeInIndex = 0; path = "Coffee Shop.app"; sourceTree = BUILT_PRODUCTS_DIR; };
		652999A928B8E48E0088D96E /* AppDelegate.swift */ = {isa = PBXFileReference; lastKnownFileType = sourcecode.swift; path = AppDelegate.swift; sourceTree = "<group>"; };
		652999AB28B8E48E0088D96E /* SceneDelegate.swift */ = {isa = PBXFileReference; lastKnownFileType = sourcecode.swift; path = SceneDelegate.swift; sourceTree = "<group>"; };
		652999AD28B8E48E0088D96E /* ContentView.swift */ = {isa = PBXFileReference; lastKnownFileType = sourcecode.swift; path = ContentView.swift; sourceTree = "<group>"; };
		652999AF28B8E48F0088D96E /* Assets.xcassets */ = {isa = PBXFileReference; lastKnownFileType = folder.assetcatalog; path = Assets.xcassets; sourceTree = "<group>"; };
		652999B228B8E48F0088D96E /* Preview Assets.xcassets */ = {isa = PBXFileReference; lastKnownFileType = folder.assetcatalog; path = "Preview Assets.xcassets"; sourceTree = "<group>"; };
		652999B528B8E48F0088D96E /* Base */ = {isa = PBXFileReference; lastKnownFileType = file.storyboard; name = Base; path = Base.lproj/LaunchScreen.storyboard; sourceTree = "<group>"; };
		652999B728B8E48F0088D96E /* Info.plist */ = {isa = PBXFileReference; lastKnownFileType = text.plist.xml; path = Info.plist; sourceTree = "<group>"; };
		652999BC28B8E4900088D96E /* Coffee ShopTests.xctest */ = {isa = PBXFileReference; explicitFileType = wrapper.cfbundle; includeInIndex = 0; path = "Coffee ShopTests.xctest"; sourceTree = BUILT_PRODUCTS_DIR; };
		652999C028B8E4900088D96E /* Coffee_ShopTests.swift */ = {isa = PBXFileReference; lastKnownFileType = sourcecode.swift; path = Coffee_ShopTests.swift; sourceTree = "<group>"; };
		652999C228B8E4900088D96E /* Info.plist */ = {isa = PBXFileReference; lastKnownFileType = text.plist.xml; path = Info.plist; sourceTree = "<group>"; };
		652999C728B8E4900088D96E /* Coffee ShopUITests.xctest */ = {isa = PBXFileReference; explicitFileType = wrapper.cfbundle; includeInIndex = 0; path = "Coffee ShopUITests.xctest"; sourceTree = BUILT_PRODUCTS_DIR; };
		652999CB28B8E4900088D96E /* Coffee_ShopUITests.swift */ = {isa = PBXFileReference; lastKnownFileType = sourcecode.swift; path = Coffee_ShopUITests.swift; sourceTree = "<group>"; };
		652999CD28B8E4900088D96E /* Info.plist */ = {isa = PBXFileReference; lastKnownFileType = text.plist.xml; path = Info.plist; sourceTree = "<group>"; };
		652999E528B8E5EF0088D96E /* MyColor.swift */ = {isa = PBXFileReference; lastKnownFileType = sourcecode.swift; path = MyColor.swift; sourceTree = "<group>"; };
		652999E728B8E6920088D96E /* SplashScreen.swift */ = {isa = PBXFileReference; lastKnownFileType = sourcecode.swift; path = SplashScreen.swift; sourceTree = "<group>"; usesTabs = 0; };
		652999E928B8E6D20088D96E /* LoginScreen.swift */ = {isa = PBXFileReference; lastKnownFileType = sourcecode.swift; path = LoginScreen.swift; sourceTree = "<group>"; };
		65724C2F28BA09F800628AC1 /* WelcomeScreen.swift */ = {isa = PBXFileReference; lastKnownFileType = sourcecode.swift; path = WelcomeScreen.swift; sourceTree = "<group>"; };
		65724C3128BA0E6800628AC1 /* Dictionary.swift */ = {isa = PBXFileReference; lastKnownFileType = sourcecode.swift; path = Dictionary.swift; sourceTree = "<group>"; };
		65724C3328BA107D00628AC1 /* MyImage.swift */ = {isa = PBXFileReference; lastKnownFileType = sourcecode.swift; path = MyImage.swift; sourceTree = "<group>"; };
		65724C3528BA198200628AC1 /* ButtonGeneral.swift */ = {isa = PBXFileReference; lastKnownFileType = sourcecode.swift; path = ButtonGeneral.swift; sourceTree = "<group>"; };
		65724C3728BB759F00628AC1 /* GoogleService-Info (1).plist */ = {isa = PBXFileReference; fileEncoding = 4; lastKnownFileType = text.plist.xml; path = "GoogleService-Info (1).plist"; sourceTree = "<group>"; };
/* End PBXFileReference section */

/* Begin PBXFrameworksBuildPhase section */
		652999A328B8E48E0088D96E /* Frameworks */ = {
			isa = PBXFrameworksBuildPhase;
			buildActionMask = 2147483647;
			files = (
				65724C3E28BB7C7300628AC1 /* RxSwift in Frameworks */,
				65724C4628BB7C7300628AC1 /* RxBlocking in Frameworks */,
				65724C4028BB7C7300628AC1 /* RxTest in Frameworks */,
				65724C4428BB7C7300628AC1 /* RxCocoa in Frameworks */,
				65724C4228BB7C7300628AC1 /* RxRelay in Frameworks */,
				65724C3B28BB796F00628AC1 /* SwiftyDropbox in Frameworks */,
			);
			runOnlyForDeploymentPostprocessing = 0;
		};
		652999B928B8E4900088D96E /* Frameworks */ = {
			isa = PBXFrameworksBuildPhase;
			buildActionMask = 2147483647;
			files = (
			);
			runOnlyForDeploymentPostprocessing = 0;
		};
		652999C428B8E4900088D96E /* Frameworks */ = {
			isa = PBXFrameworksBuildPhase;
			buildActionMask = 2147483647;
			files = (
			);
			runOnlyForDeploymentPostprocessing = 0;
		};
/* End PBXFrameworksBuildPhase section */

/* Begin PBXGroup section */
		6529999D28B8E48E0088D96E = {
			isa = PBXGroup;
			children = (
				652999A828B8E48E0088D96E /* Coffee Shop */,
				652999BF28B8E4900088D96E /* Coffee ShopTests */,
				652999CA28B8E4900088D96E /* Coffee ShopUITests */,
				652999A728B8E48E0088D96E /* Products */,
			);
			sourceTree = "<group>";
		};
		652999A728B8E48E0088D96E /* Products */ = {
			isa = PBXGroup;
			children = (
				652999A628B8E48E0088D96E /* Coffee Shop.app */,
				652999BC28B8E4900088D96E /* Coffee ShopTests.xctest */,
				652999C728B8E4900088D96E /* Coffee ShopUITests.xctest */,
			);
			name = Products;
			sourceTree = "<group>";
		};
		652999A828B8E48E0088D96E /* Coffee Shop */ = {
			isa = PBXGroup;
			children = (
				652999DE28B8E5760088D96E /* Controller */,
				652999DD28B8E5570088D96E /* Models */,
				652999DC28B8E5400088D96E /* View */,
				652999A928B8E48E0088D96E /* AppDelegate.swift */,
				652999AB28B8E48E0088D96E /* SceneDelegate.swift */,
				652999AD28B8E48E0088D96E /* ContentView.swift */,
				652999AF28B8E48F0088D96E /* Assets.xcassets */,
				652999B428B8E48F0088D96E /* LaunchScreen.storyboard */,
				65724C3728BB759F00628AC1 /* GoogleService-Info (1).plist */,
				652999B728B8E48F0088D96E /* Info.plist */,
				652999B128B8E48F0088D96E /* Preview Content */,
			);
			path = "Coffee Shop";
			sourceTree = "<group>";
		};
		652999B128B8E48F0088D96E /* Preview Content */ = {
			isa = PBXGroup;
			children = (
				652999B228B8E48F0088D96E /* Preview Assets.xcassets */,
			);
			path = "Preview Content";
			sourceTree = "<group>";
		};
		652999BF28B8E4900088D96E /* Coffee ShopTests */ = {
			isa = PBXGroup;
			children = (
				652999C028B8E4900088D96E /* Coffee_ShopTests.swift */,
				652999C228B8E4900088D96E /* Info.plist */,
			);
			path = "Coffee ShopTests";
			sourceTree = "<group>";
		};
		652999CA28B8E4900088D96E /* Coffee ShopUITests */ = {
			isa = PBXGroup;
			children = (
				652999CB28B8E4900088D96E /* Coffee_ShopUITests.swift */,
				652999CD28B8E4900088D96E /* Info.plist */,
			);
			path = "Coffee ShopUITests";
			sourceTree = "<group>";
		};
		652999DC28B8E5400088D96E /* View */ = {
			isa = PBXGroup;
			children = (
				652999E028B8E5920088D96E /* UI */,
				652999DF28B8E5860088D96E /* Utils */,
			);
			path = View;
			sourceTree = "<group>";
		};
		652999DD28B8E5570088D96E /* Models */ = {
			isa = PBXGroup;
			children = (
			);
			path = Models;
			sourceTree = "<group>";
		};
		652999DE28B8E5760088D96E /* Controller */ = {
			isa = PBXGroup;
			children = (
			);
			path = Controller;
			sourceTree = "<group>";
		};
		652999DF28B8E5860088D96E /* Utils */ = {
			isa = PBXGroup;
			children = (
				652999E528B8E5EF0088D96E /* MyColor.swift */,
				65724C3128BA0E6800628AC1 /* Dictionary.swift */,
				65724C3328BA107D00628AC1 /* MyImage.swift */,
				65724C3528BA198200628AC1 /* ButtonGeneral.swift */,
			);
			path = Utils;
			sourceTree = "<group>";
		};
		652999E028B8E5920088D96E /* UI */ = {
			isa = PBXGroup;
			children = (
				652999E428B8E5D00088D96E /* Register */,
				652999E328B8E5C50088D96E /* Login */,
				652999E228B8E5B90088D96E /* WelcomeScreen */,
				652999E128B8E5A80088D96E /* SplashScreen */,
			);
			path = UI;
			sourceTree = "<group>";
		};
		652999E128B8E5A80088D96E /* SplashScreen */ = {
			isa = PBXGroup;
			children = (
				652999E728B8E6920088D96E /* SplashScreen.swift */,
			);
			path = SplashScreen;
			sourceTree = "<group>";
		};
		652999E228B8E5B90088D96E /* WelcomeScreen */ = {
			isa = PBXGroup;
			children = (
				65724C2F28BA09F800628AC1 /* WelcomeScreen.swift */,
			);
			path = WelcomeScreen;
			sourceTree = "<group>";
		};
		652999E328B8E5C50088D96E /* Login */ = {
			isa = PBXGroup;
			children = (
				652999E928B8E6D20088D96E /* LoginScreen.swift */,
			);
			path = Login;
			sourceTree = "<group>";
		};
		652999E428B8E5D00088D96E /* Register */ = {
			isa = PBXGroup;
			children = (
			);
			path = Register;
			sourceTree = "<group>";
		};
/* End PBXGroup section */

/* Begin PBXNativeTarget section */
		652999A528B8E48E0088D96E /* Coffee Shop */ = {
			isa = PBXNativeTarget;
			buildConfigurationList = 652999D028B8E4900088D96E /* Build configuration list for PBXNativeTarget "Coffee Shop" */;
			buildPhases = (
				652999A228B8E48E0088D96E /* Sources */,
				652999A328B8E48E0088D96E /* Frameworks */,
				652999A428B8E48E0088D96E /* Resources */,
			);
			buildRules = (
			);
			dependencies = (
			);
			name = "Coffee Shop";
			packageProductDependencies = (
				65724C3A28BB796F00628AC1 /* SwiftyDropbox */,
				65724C3D28BB7C7300628AC1 /* RxSwift */,
				65724C3F28BB7C7300628AC1 /* RxTest */,
				65724C4128BB7C7300628AC1 /* RxRelay */,
				65724C4328BB7C7300628AC1 /* RxCocoa */,
				65724C4528BB7C7300628AC1 /* RxBlocking */,
			);
			productName = "Coffee Shop";
			productReference = 652999A628B8E48E0088D96E /* Coffee Shop.app */;
			productType = "com.apple.product-type.application";
		};
		652999BB28B8E4900088D96E /* Coffee ShopTests */ = {
			isa = PBXNativeTarget;
			buildConfigurationList = 652999D328B8E4900088D96E /* Build configuration list for PBXNativeTarget "Coffee ShopTests" */;
			buildPhases = (
				652999B828B8E4900088D96E /* Sources */,
				652999B928B8E4900088D96E /* Frameworks */,
				652999BA28B8E4900088D96E /* Resources */,
			);
			buildRules = (
			);
			dependencies = (
				652999BE28B8E4900088D96E /* PBXTargetDependency */,
			);
			name = "Coffee ShopTests";
			productName = "Coffee ShopTests";
			productReference = 652999BC28B8E4900088D96E /* Coffee ShopTests.xctest */;
			productType = "com.apple.product-type.bundle.unit-test";
		};
		652999C628B8E4900088D96E /* Coffee ShopUITests */ = {
			isa = PBXNativeTarget;
			buildConfigurationList = 652999D628B8E4900088D96E /* Build configuration list for PBXNativeTarget "Coffee ShopUITests" */;
			buildPhases = (
				652999C328B8E4900088D96E /* Sources */,
				652999C428B8E4900088D96E /* Frameworks */,
				652999C528B8E4900088D96E /* Resources */,
			);
			buildRules = (
			);
			dependencies = (
				652999C928B8E4900088D96E /* PBXTargetDependency */,
			);
			name = "Coffee ShopUITests";
			productName = "Coffee ShopUITests";
			productReference = 652999C728B8E4900088D96E /* Coffee ShopUITests.xctest */;
			productType = "com.apple.product-type.bundle.ui-testing";
		};
/* End PBXNativeTarget section */

/* Begin PBXProject section */
		6529999E28B8E48E0088D96E /* Project object */ = {
			isa = PBXProject;
			attributes = {
				LastSwiftUpdateCheck = 1130;
				LastUpgradeCheck = 1130;
				ORGANIZATIONNAME = tgsatt;
				TargetAttributes = {
					652999A528B8E48E0088D96E = {
						CreatedOnToolsVersion = 11.3.1;
					};
					652999BB28B8E4900088D96E = {
						CreatedOnToolsVersion = 11.3.1;
						TestTargetID = 652999A528B8E48E0088D96E;
					};
					652999C628B8E4900088D96E = {
						CreatedOnToolsVersion = 11.3.1;
						TestTargetID = 652999A528B8E48E0088D96E;
					};
				};
			};
			buildConfigurationList = 652999A128B8E48E0088D96E /* Build configuration list for PBXProject "Coffee Shop" */;
			compatibilityVersion = "Xcode 9.3";
			developmentRegion = en;
			hasScannedForEncodings = 0;
			knownRegions = (
				en,
				Base,
			);
			mainGroup = 6529999D28B8E48E0088D96E;
			packageReferences = (
				65724C3928BB796F00628AC1 /* XCRemoteSwiftPackageReference "SwiftyDropbox" */,
				65724C3C28BB7C7200628AC1 /* XCRemoteSwiftPackageReference "RxSwift" */,
			);
			productRefGroup = 652999A728B8E48E0088D96E /* Products */;
			projectDirPath = "";
			projectRoot = "";
			targets = (
				652999A528B8E48E0088D96E /* Coffee Shop */,
				652999BB28B8E4900088D96E /* Coffee ShopTests */,
				652999C628B8E4900088D96E /* Coffee ShopUITests */,
			);
		};
/* End PBXProject section */

/* Begin PBXResourcesBuildPhase section */
		652999A428B8E48E0088D96E /* Resources */ = {
			isa = PBXResourcesBuildPhase;
			buildActionMask = 2147483647;
			files = (
				652999B628B8E48F0088D96E /* LaunchScreen.storyboard in Resources */,
				652999B328B8E48F0088D96E /* Preview Assets.xcassets in Resources */,
				652999B028B8E48F0088D96E /* Assets.xcassets in Resources */,
				65724C3828BB759F00628AC1 /* GoogleService-Info (1).plist in Resources */,
			);
			runOnlyForDeploymentPostprocessing = 0;
		};
		652999BA28B8E4900088D96E /* Resources */ = {
			isa = PBXResourcesBuildPhase;
			buildActionMask = 2147483647;
			files = (
			);
			runOnlyForDeploymentPostprocessing = 0;
		};
		652999C528B8E4900088D96E /* Resources */ = {
			isa = PBXResourcesBuildPhase;
			buildActionMask = 2147483647;
			files = (
			);
			runOnlyForDeploymentPostprocessing = 0;
		};
/* End PBXResourcesBuildPhase section */

/* Begin PBXSourcesBuildPhase section */
		652999A228B8E48E0088D96E /* Sources */ = {
			isa = PBXSourcesBuildPhase;
			buildActionMask = 2147483647;
			files = (
				652999E828B8E6920088D96E /* SplashScreen.swift in Sources */,
				65724C3228BA0E6800628AC1 /* Dictionary.swift in Sources */,
				652999AA28B8E48E0088D96E /* AppDelegate.swift in Sources */,
				652999E628B8E5EF0088D96E /* MyColor.swift in Sources */,
				65724C3428BA107D00628AC1 /* MyImage.swift in Sources */,
				652999AC28B8E48E0088D96E /* SceneDelegate.swift in Sources */,
				65724C3028BA09F800628AC1 /* WelcomeScreen.swift in Sources */,
				652999AE28B8E48E0088D96E /* ContentView.swift in Sources */,
				65724C3628BA198200628AC1 /* ButtonGeneral.swift in Sources */,
				652999EA28B8E6D20088D96E /* LoginScreen.swift in Sources */,
			);
			runOnlyForDeploymentPostprocessing = 0;
		};
		652999B828B8E4900088D96E /* Sources */ = {
			isa = PBXSourcesBuildPhase;
			buildActionMask = 2147483647;
			files = (
				652999C128B8E4900088D96E /* Coffee_ShopTests.swift in Sources */,
			);
			runOnlyForDeploymentPostprocessing = 0;
		};
		652999C328B8E4900088D96E /* Sources */ = {
			isa = PBXSourcesBuildPhase;
			buildActionMask = 2147483647;
			files = (
				652999CC28B8E4900088D96E /* Coffee_ShopUITests.swift in Sources */,
			);
			runOnlyForDeploymentPostprocessing = 0;
		};
/* End PBXSourcesBuildPhase section */

/* Begin PBXTargetDependency section */
		652999BE28B8E4900088D96E /* PBXTargetDependency */ = {
			isa = PBXTargetDependency;
			target = 652999A528B8E48E0088D96E /* Coffee Shop */;
			targetProxy = 652999BD28B8E4900088D96E /* PBXContainerItemProxy */;
		};
		652999C928B8E4900088D96E /* PBXTargetDependency */ = {
			isa = PBXTargetDependency;
			target = 652999A528B8E48E0088D96E /* Coffee Shop */;
			targetProxy = 652999C828B8E4900088D96E /* PBXContainerItemProxy */;
		};
/* End PBXTargetDependency section */

/* Begin PBXVariantGroup section */
		652999B428B8E48F0088D96E /* LaunchScreen.storyboard */ = {
			isa = PBXVariantGroup;
			children = (
				652999B528B8E48F0088D96E /* Base */,
			);
			name = LaunchScreen.storyboard;
			sourceTree = "<group>";
		};
/* End PBXVariantGroup section */

/* Begin XCBuildConfiguration section */
		652999CE28B8E4900088D96E /* Debug */ = {
			isa = XCBuildConfiguration;
			buildSettings = {
				ALWAYS_SEARCH_USER_PATHS = NO;
				CLANG_ANALYZER_NONNULL = YES;
				CLANG_ANALYZER_NUMBER_OBJECT_CONVERSION = YES_AGGRESSIVE;
				CLANG_CXX_LANGUAGE_STANDARD = "gnu++14";
				CLANG_CXX_LIBRARY = "libc++";
				CLANG_ENABLE_MODULES = YES;
				CLANG_ENABLE_OBJC_ARC = YES;
				CLANG_ENABLE_OBJC_WEAK = YES;
				CLANG_WARN_BLOCK_CAPTURE_AUTORELEASING = YES;
				CLANG_WARN_BOOL_CONVERSION = YES;
				CLANG_WARN_COMMA = YES;
				CLANG_WARN_CONSTANT_CONVERSION = YES;
				CLANG_WARN_DEPRECATED_OBJC_IMPLEMENTATIONS = YES;
				CLANG_WARN_DIRECT_OBJC_ISA_USAGE = YES_ERROR;
				CLANG_WARN_DOCUMENTATION_COMMENTS = YES;
				CLANG_WARN_EMPTY_BODY = YES;
				CLANG_WARN_ENUM_CONVERSION = YES;
				CLANG_WARN_INFINITE_RECURSION = YES;
				CLANG_WARN_INT_CONVERSION = YES;
				CLANG_WARN_NON_LITERAL_NULL_CONVERSION = YES;
				CLANG_WARN_OBJC_IMPLICIT_RETAIN_SELF = YES;
				CLANG_WARN_OBJC_LITERAL_CONVERSION = YES;
				CLANG_WARN_OBJC_ROOT_CLASS = YES_ERROR;
				CLANG_WARN_RANGE_LOOP_ANALYSIS = YES;
				CLANG_WARN_STRICT_PROTOTYPES = YES;
				CLANG_WARN_SUSPICIOUS_MOVE = YES;
				CLANG_WARN_UNGUARDED_AVAILABILITY = YES_AGGRESSIVE;
				CLANG_WARN_UNREACHABLE_CODE = YES;
				CLANG_WARN__DUPLICATE_METHOD_MATCH = YES;
				COPY_PHASE_STRIP = NO;
				DEBUG_INFORMATION_FORMAT = dwarf;
				ENABLE_STRICT_OBJC_MSGSEND = YES;
				ENABLE_TESTABILITY = YES;
				GCC_C_LANGUAGE_STANDARD = gnu11;
				GCC_DYNAMIC_NO_PIC = NO;
				GCC_NO_COMMON_BLOCKS = YES;
				GCC_OPTIMIZATION_LEVEL = 0;
				GCC_PREPROCESSOR_DEFINITIONS = (
					"DEBUG=1",
					"$(inherited)",
				);
				GCC_WARN_64_TO_32_BIT_CONVERSION = YES;
				GCC_WARN_ABOUT_RETURN_TYPE = YES_ERROR;
				GCC_WARN_UNDECLARED_SELECTOR = YES;
				GCC_WARN_UNINITIALIZED_AUTOS = YES_AGGRESSIVE;
				GCC_WARN_UNUSED_FUNCTION = YES;
				GCC_WARN_UNUSED_VARIABLE = YES;
				IPHONEOS_DEPLOYMENT_TARGET = 13.2;
				MTL_ENABLE_DEBUG_INFO = INCLUDE_SOURCE;
				MTL_FAST_MATH = YES;
				ONLY_ACTIVE_ARCH = YES;
				SDKROOT = iphoneos;
				SWIFT_ACTIVE_COMPILATION_CONDITIONS = DEBUG;
				SWIFT_OPTIMIZATION_LEVEL = "-Onone";
			};
			name = Debug;
		};
		652999CF28B8E4900088D96E /* Release */ = {
			isa = XCBuildConfiguration;
			buildSettings = {
				ALWAYS_SEARCH_USER_PATHS = NO;
				CLANG_ANALYZER_NONNULL = YES;
				CLANG_ANALYZER_NUMBER_OBJECT_CONVERSION = YES_AGGRESSIVE;
				CLANG_CXX_LANGUAGE_STANDARD = "gnu++14";
				CLANG_CXX_LIBRARY = "libc++";
				CLANG_ENABLE_MODULES = YES;
				CLANG_ENABLE_OBJC_ARC = YES;
				CLANG_ENABLE_OBJC_WEAK = YES;
				CLANG_WARN_BLOCK_CAPTURE_AUTORELEASING = YES;
				CLANG_WARN_BOOL_CONVERSION = YES;
				CLANG_WARN_COMMA = YES;
				CLANG_WARN_CONSTANT_CONVERSION = YES;
				CLANG_WARN_DEPRECATED_OBJC_IMPLEMENTATIONS = YES;
				CLANG_WARN_DIRECT_OBJC_ISA_USAGE = YES_ERROR;
				CLANG_WARN_DOCUMENTATION_COMMENTS = YES;
				CLANG_WARN_EMPTY_BODY = YES;
				CLANG_WARN_ENUM_CONVERSION = YES;
				CLANG_WARN_INFINITE_RECURSION = YES;
				CLANG_WARN_INT_CONVERSION = YES;
				CLANG_WARN_NON_LITERAL_NULL_CONVERSION = YES;
				CLANG_WARN_OBJC_IMPLICIT_RETAIN_SELF = YES;
				CLANG_WARN_OBJC_LITERAL_CONVERSION = YES;
				CLANG_WARN_OBJC_ROOT_CLASS = YES_ERROR;
				CLANG_WARN_RANGE_LOOP_ANALYSIS = YES;
				CLANG_WARN_STRICT_PROTOTYPES = YES;
				CLANG_WARN_SUSPICIOUS_MOVE = YES;
				CLANG_WARN_UNGUARDED_AVAILABILITY = YES_AGGRESSIVE;
				CLANG_WARN_UNREACHABLE_CODE = YES;
				CLANG_WARN__DUPLICATE_METHOD_MATCH = YES;
				COPY_PHASE_STRIP = NO;
				DEBUG_INFORMATION_FORMAT = "dwarf-with-dsym";
				ENABLE_NS_ASSERTIONS = NO;
				ENABLE_STRICT_OBJC_MSGSEND = YES;
				GCC_C_LANGUAGE_STANDARD = gnu11;
				GCC_NO_COMMON_BLOCKS = YES;
				GCC_WARN_64_TO_32_BIT_CONVERSION = YES;
				GCC_WARN_ABOUT_RETURN_TYPE = YES_ERROR;
				GCC_WARN_UNDECLARED_SELECTOR = YES;
				GCC_WARN_UNINITIALIZED_AUTOS = YES_AGGRESSIVE;
				GCC_WARN_UNUSED_FUNCTION = YES;
				GCC_WARN_UNUSED_VARIABLE = YES;
				IPHONEOS_DEPLOYMENT_TARGET = 13.2;
				MTL_ENABLE_DEBUG_INFO = NO;
				MTL_FAST_MATH = YES;
				SDKROOT = iphoneos;
				SWIFT_COMPILATION_MODE = wholemodule;
				SWIFT_OPTIMIZATION_LEVEL = "-O";
				VALIDATE_PRODUCT = YES;
			};
			name = Release;
		};
		652999D128B8E4900088D96E /* Debug */ = {
			isa = XCBuildConfiguration;
			buildSettings = {
				ASSETCATALOG_COMPILER_APPICON_NAME = AppIcon;
				CODE_SIGN_STYLE = Automatic;
				DEVELOPMENT_ASSET_PATHS = "\"Coffee Shop/Preview Content\"";
				ENABLE_PREVIEWS = YES;
				INFOPLIST_FILE = "Coffee Shop/Info.plist";
				LD_RUNPATH_SEARCH_PATHS = (
					"$(inherited)",
					"@executable_path/Frameworks",
				);
				PRODUCT_BUNDLE_IDENTIFIER = "com.tgsatt.Coffee-Shop";
				PRODUCT_NAME = "$(TARGET_NAME)";
				SWIFT_VERSION = 5.0;
				TARGETED_DEVICE_FAMILY = "1,2";
			};
			name = Debug;
		};
		652999D228B8E4900088D96E /* Release */ = {
			isa = XCBuildConfiguration;
			buildSettings = {
				ASSETCATALOG_COMPILER_APPICON_NAME = AppIcon;
				CODE_SIGN_STYLE = Automatic;
				DEVELOPMENT_ASSET_PATHS = "\"Coffee Shop/Preview Content\"";
				ENABLE_PREVIEWS = YES;
				INFOPLIST_FILE = "Coffee Shop/Info.plist";
				LD_RUNPATH_SEARCH_PATHS = (
					"$(inherited)",
					"@executable_path/Frameworks",
				);
				PRODUCT_BUNDLE_IDENTIFIER = "com.tgsatt.Coffee-Shop";
				PRODUCT_NAME = "$(TARGET_NAME)";
				SWIFT_VERSION = 5.0;
				TARGETED_DEVICE_FAMILY = "1,2";
			};
			name = Release;
		};
		652999D428B8E4900088D96E /* Debug */ = {
			isa = XCBuildConfiguration;
			buildSettings = {
				ALWAYS_EMBED_SWIFT_STANDARD_LIBRARIES = YES;
				BUNDLE_LOADER = "$(TEST_HOST)";
				CODE_SIGN_STYLE = Automatic;
				INFOPLIST_FILE = "Coffee ShopTests/Info.plist";
				IPHONEOS_DEPLOYMENT_TARGET = 13.2;
				LD_RUNPATH_SEARCH_PATHS = (
					"$(inherited)",
					"@executable_path/Frameworks",
					"@loader_path/Frameworks",
				);
				PRODUCT_BUNDLE_IDENTIFIER = "com.tgsatt.Coffee-ShopTests";
				PRODUCT_NAME = "$(TARGET_NAME)";
				SWIFT_VERSION = 5.0;
				TARGETED_DEVICE_FAMILY = "1,2";
				TEST_HOST = "$(BUILT_PRODUCTS_DIR)/Coffee Shop.app/Coffee Shop";
			};
			name = Debug;
		};
		652999D528B8E4900088D96E /* Release */ = {
			isa = XCBuildConfiguration;
			buildSettings = {
				ALWAYS_EMBED_SWIFT_STANDARD_LIBRARIES = YES;
				BUNDLE_LOADER = "$(TEST_HOST)";
				CODE_SIGN_STYLE = Automatic;
				INFOPLIST_FILE = "Coffee ShopTests/Info.plist";
				IPHONEOS_DEPLOYMENT_TARGET = 13.2;
				LD_RUNPATH_SEARCH_PATHS = (
					"$(inherited)",
					"@executable_path/Frameworks",
					"@loader_path/Frameworks",
				);
				PRODUCT_BUNDLE_IDENTIFIER = "com.tgsatt.Coffee-ShopTests";
				PRODUCT_NAME = "$(TARGET_NAME)";
				SWIFT_VERSION = 5.0;
				TARGETED_DEVICE_FAMILY = "1,2";
				TEST_HOST = "$(BUILT_PRODUCTS_DIR)/Coffee Shop.app/Coffee Shop";
			};
			name = Release;
		};
		652999D728B8E4900088D96E /* Debug */ = {
			isa = XCBuildConfiguration;
			buildSettings = {
				ALWAYS_EMBED_SWIFT_STANDARD_LIBRARIES = YES;
				CODE_SIGN_STYLE = Automatic;
				INFOPLIST_FILE = "Coffee ShopUITests/Info.plist";
				LD_RUNPATH_SEARCH_PATHS = (
					"$(inherited)",
					"@executable_path/Frameworks",
					"@loader_path/Frameworks",
				);
				PRODUCT_BUNDLE_IDENTIFIER = "com.tgsatt.Coffee-ShopUITests";
				PRODUCT_NAME = "$(TARGET_NAME)";
				SWIFT_VERSION = 5.0;
				TARGETED_DEVICE_FAMILY = "1,2";
				TEST_TARGET_NAME = "Coffee Shop";
			};
			name = Debug;
		};
		652999D828B8E4900088D96E /* Release */ = {
			isa = XCBuildConfiguration;
			buildSettings = {
				ALWAYS_EMBED_SWIFT_STANDARD_LIBRARIES = YES;
				CODE_SIGN_STYLE = Automatic;
				INFOPLIST_FILE = "Coffee ShopUITests/Info.plist";
				LD_RUNPATH_SEARCH_PATHS = (
					"$(inherited)",
					"@executable_path/Frameworks",
					"@loader_path/Frameworks",
				);
				PRODUCT_BUNDLE_IDENTIFIER = "com.tgsatt.Coffee-ShopUITests";
				PRODUCT_NAME = "$(TARGET_NAME)";
				SWIFT_VERSION = 5.0;
				TARGETED_DEVICE_FAMILY = "1,2";
				TEST_TARGET_NAME = "Coffee Shop";
			};
			name = Release;
		};
/* End XCBuildConfiguration section */

/* Begin XCConfigurationList section */
		652999A128B8E48E0088D96E /* Build configuration list for PBXProject "Coffee Shop" */ = {
			isa = XCConfigurationList;
			buildConfigurations = (
				652999CE28B8E4900088D96E /* Debug */,
				652999CF28B8E4900088D96E /* Release */,
			);
			defaultConfigurationIsVisible = 0;
			defaultConfigurationName = Release;
		};
		652999D028B8E4900088D96E /* Build configuration list for PBXNativeTarget "Coffee Shop" */ = {
			isa = XCConfigurationList;
			buildConfigurations = (
				652999D128B8E4900088D96E /* Debug */,
				652999D228B8E4900088D96E /* Release */,
			);
			defaultConfigurationIsVisible = 0;
			defaultConfigurationName = Release;
		};
		652999D328B8E4900088D96E /* Build configuration list for PBXNativeTarget "Coffee ShopTests" */ = {
			isa = XCConfigurationList;
			buildConfigurations = (
				652999D428B8E4900088D96E /* Debug */,
				652999D528B8E4900088D96E /* Release */,
			);
			defaultConfigurationIsVisible = 0;
			defaultConfigurationName = Release;
		};
		652999D628B8E4900088D96E /* Build configuration list for PBXNativeTarget "Coffee ShopUITests" */ = {
			isa = XCConfigurationList;
			buildConfigurations = (
				652999D728B8E4900088D96E /* Debug */,
				652999D828B8E4900088D96E /* Release */,
			);
			defaultConfigurationIsVisible = 0;
			defaultConfigurationName = Release;
		};
/* End XCConfigurationList section */

/* Begin XCRemoteSwiftPackageReference section */
		65724C3928BB796F00628AC1 /* XCRemoteSwiftPackageReference "SwiftyDropbox" */ = {
			isa = XCRemoteSwiftPackageReference;
			repositoryURL = "https://github.com/dropbox/SwiftyDropbox";
			requirement = {
				kind = upToNextMajorVersion;
				minimumVersion = 8.3.0;
			};
		};
		65724C3C28BB7C7200628AC1 /* XCRemoteSwiftPackageReference "RxSwift" */ = {
			isa = XCRemoteSwiftPackageReference;
			repositoryURL = "https://github.com/ReactiveX/RxSwift";
			requirement = {
				kind = upToNextMajorVersion;
				minimumVersion = 6.5.0;
			};
		};
/* End XCRemoteSwiftPackageReference section */

/* Begin XCSwiftPackageProductDependency section */
		65724C3A28BB796F00628AC1 /* SwiftyDropbox */ = {
			isa = XCSwiftPackageProductDependency;
			package = 65724C3928BB796F00628AC1 /* XCRemoteSwiftPackageReference "SwiftyDropbox" */;
			productName = SwiftyDropbox;
		};
		65724C3D28BB7C7300628AC1 /* RxSwift */ = {
			isa = XCSwiftPackageProductDependency;
			package = 65724C3C28BB7C7200628AC1 /* XCRemoteSwiftPackageReference "RxSwift" */;
			productName = RxSwift;
		};
		65724C3F28BB7C7300628AC1 /* RxTest */ = {
			isa = XCSwiftPackageProductDependency;
			package = 65724C3C28BB7C7200628AC1 /* XCRemoteSwiftPackageReference "RxSwift" */;
			productName = RxTest;
		};
		65724C4128BB7C7300628AC1 /* RxRelay */ = {
			isa = XCSwiftPackageProductDependency;
			package = 65724C3C28BB7C7200628AC1 /* XCRemoteSwiftPackageReference "RxSwift" */;
			productName = RxRelay;
		};
		65724C4328BB7C7300628AC1 /* RxCocoa */ = {
			isa = XCSwiftPackageProductDependency;
			package = 65724C3C28BB7C7200628AC1 /* XCRemoteSwiftPackageReference "RxSwift" */;
			productName = RxCocoa;
		};
		65724C4528BB7C7300628AC1 /* RxBlocking */ = {
			isa = XCSwiftPackageProductDependency;
			package = 65724C3C28BB7C7200628AC1 /* XCRemoteSwiftPackageReference "RxSwift" */;
			productName = RxBlocking;
		};
/* End XCSwiftPackageProductDependency section */
	};
	rootObject = 6529999E28B8E48E0088D96E /* Project object */;
}
